# This file is autogenerated, do not edit; changes may be undone by the next 'dep ensure'.


[[projects]]
  branch = "master"
  name = "github.com/adamluzsi/testing"
  packages = ["."]
  revision = "a1a580d73b7d724fcf31e8a3a137045d0eed689b"

[[projects]]
  name = "github.com/boltdb/bolt"
  packages = ["."]
  revision = "2f1ce7a837dcb8da3ec595b1dac9d0632f0f99e8"
  version = "v1.3.1"

[[projects]]
  branch = "master"
  name = "golang.org/x/sys"
  packages = ["unix"]
  revision = "37707fdb30a5b38865cfb95e5aab41707daec7fd"

[solve-meta]
  analyzer-name = "dep"
  analyzer-version = 1
  inputs-digest = "dacb07bc5e98ed2f92c5162333e6d921c6ba3b72db4024cbce1fc8d91d61ad08"
  solver-name = "gps-cdcl"
  solver-version = 1
